
Microsoft Visual Studio Solution File, Format Version 12.00
# Visual Studio 15
VisualStudioVersion = 15.0.26124.0
MinimumVisualStudioVersion = 15.0.26124.0
Project("{FAE04EC0-301F-11D3-BF4B-00C04F79EFBC}") = "logParser", "logParser\logParser.csproj", "{8AA5ADE0-1709-4F99-AA8B-1EC296AFFB07}"
EndProject
Project("{FAE04EC0-301F-11D3-BF4B-00C04F79EFBC}") = "logParser.test", "logParser.test\logParser.test.csproj", "{F8687D44-ED76-4887-849D-225B75678D72}"
EndProject
Global
	GlobalSection(SolutionConfigurationPlatforms) = preSolution
		Debug|Any CPU = Debug|Any CPU
		Debug|x64 = Debug|x64
		Debug|x86 = Debug|x86
		Release|Any CPU = Release|Any CPU
		Release|x64 = Release|x64
		Release|x86 = Release|x86
	EndGlobalSection
	GlobalSection(SolutionProperties) = preSolution
		HideSolutionNode = FALSE
	EndGlobalSection
	GlobalSection(ProjectConfigurationPlatforms) = postSolution
		{8AA5ADE0-1709-4F99-AA8B-1EC296AFFB07}.Debug|Any CPU.ActiveCfg = Debug|Any CPU
		{8AA5ADE0-1709-4F99-AA8B-1EC296AFFB07}.Debug|Any CPU.Build.0 = Debug|Any CPU
		{8AA5ADE0-1709-4F99-AA8B-1EC296AFFB07}.Debug|x64.ActiveCfg = Debug|Any CPU
		{8AA5ADE0-1709-4F99-AA8B-1EC296AFFB07}.Debug|x64.Build.0 = Debug|Any CPU
		{8AA5ADE0-1709-4F99-AA8B-1EC296AFFB07}.Debug|x86.ActiveCfg = Debug|Any CPU
		{8AA5ADE0-1709-4F99-AA8B-1EC296AFFB07}.Debug|x86.Build.0 = Debug|Any CPU
		{8AA5ADE0-1709-4F99-AA8B-1EC296AFFB07}.Release|Any CPU.ActiveCfg = Release|Any CPU
		{8AA5ADE0-1709-4F99-AA8B-1EC296AFFB07}.Release|Any CPU.Build.0 = Release|Any CPU
		{8AA5ADE0-1709-4F99-AA8B-1EC296AFFB07}.Release|x64.ActiveCfg = Release|Any CPU
		{8AA5ADE0-1709-4F99-AA8B-1EC296AFFB07}.Release|x64.Build.0 = Release|Any CPU
		{8AA5ADE0-1709-4F99-AA8B-1EC296AFFB07}.Release|x86.ActiveCfg = Release|Any CPU
		{8AA5ADE0-1709-4F99-AA8B-1EC296AFFB07}.Release|x86.Build.0 = Release|Any CPU
		{F8687D44-ED76-4887-849D-225B75678D72}.Debug|Any CPU.ActiveCfg = Debug|Any CPU
		{F8687D44-ED76-4887-849D-225B75678D72}.Debug|Any CPU.Build.0 = Debug|Any CPU
		{F8687D44-ED76-4887-849D-225B75678D72}.Debug|x64.ActiveCfg = Debug|Any CPU
		{F8687D44-ED76-4887-849D-225B75678D72}.Debug|x64.Build.0 = Debug|Any CPU
		{F8687D44-ED76-4887-849D-225B75678D72}.Debug|x86.ActiveCfg = Debug|Any CPU
		{F8687D44-ED76-4887-849D-225B75678D72}.Debug|x86.Build.0 = Debug|Any CPU
		{F8687D44-ED76-4887-849D-225B75678D72}.Release|Any CPU.ActiveCfg = Release|Any CPU
		{F8687D44-ED76-4887-849D-225B75678D72}.Release|Any CPU.Build.0 = Release|Any CPU
		{F8687D44-ED76-4887-849D-225B75678D72}.Release|x64.ActiveCfg = Release|Any CPU
		{F8687D44-ED76-4887-849D-225B75678D72}.Release|x64.Build.0 = Release|Any CPU
		{F8687D44-ED76-4887-849D-225B75678D72}.Release|x86.ActiveCfg = Release|Any CPU
		{F8687D44-ED76-4887-849D-225B75678D72}.Release|x86.Build.0 = Release|Any CPU
	EndGlobalSection
EndGlobal
